// !$*UTF8*$!
{
	archiveVersion = 1;
	classes = {
	};
	objectVersion = 56;
	objects = {

/* Begin PBXBuildFile section */
		FBBE9F292C860F1900455465 /* AppDelegate.swift in Sources */ = {isa = PBXBuildFile; fileRef = FBBE9F282C860F1900455465 /* AppDelegate.swift */; };
		FBBE9F2B2C860F1900455465 /* SceneDelegate.swift in Sources */ = {isa = PBXBuildFile; fileRef = FBBE9F2A2C860F1900455465 /* SceneDelegate.swift */; };
		FBBE9F2D2C860F1900455465 /* ViewController.swift in Sources */ = {isa = PBXBuildFile; fileRef = FBBE9F2C2C860F1900455465 /* ViewController.swift */; };
		FBBE9F302C860F1900455465 /* Base in Resources */ = {isa = PBXBuildFile; fileRef = FBBE9F2F2C860F1900455465 /* Base */; };
		FBBE9F322C860F1A00455465 /* Assets.xcassets in Resources */ = {isa = PBXBuildFile; fileRef = FBBE9F312C860F1A00455465 /* Assets.xcassets */; };
		FBBE9F352C860F1A00455465 /* Base in Resources */ = {isa = PBXBuildFile; fileRef = FBBE9F342C860F1A00455465 /* Base */; };
		FBBE9F402C860F1A00455465 /* Calculadora_doraTests.swift in Sources */ = {isa = PBXBuildFile; fileRef = FBBE9F3F2C860F1A00455465 /* Calculadora_doraTests.swift */; };
		FBBE9F4A2C860F1A00455465 /* Calculadora_doraUITests.swift in Sources */ = {isa = PBXBuildFile; fileRef = FBBE9F492C860F1A00455465 /* Calculadora_doraUITests.swift */; };
		FBBE9F4C2C860F1A00455465 /* Calculadora_doraUITestsLaunchTests.swift in Sources */ = {isa = PBXBuildFile; fileRef = FBBE9F4B2C860F1A00455465 /* Calculadora_doraUITestsLaunchTests.swift */; };
/* End PBXBuildFile section */

/* Begin PBXContainerItemProxy section */
		FBBE9F3C2C860F1A00455465 /* PBXContainerItemProxy */ = {
			isa = PBXContainerItemProxy;
			containerPortal = FBBE9F1D2C860F1900455465 /* Project object */;
			proxyType = 1;
			remoteGlobalIDString = FBBE9F242C860F1900455465;
			remoteInfo = Calculadora_dora;
		};
		FBBE9F462C860F1A00455465 /* PBXContainerItemProxy */ = {
			isa = PBXContainerItemProxy;
			containerPortal = FBBE9F1D2C860F1900455465 /* Project object */;
			proxyType = 1;
			remoteGlobalIDString = FBBE9F242C860F1900455465;
			remoteInfo = Calculadora_dora;
		};
/* End PBXContainerItemProxy section */

/* Begin PBXFileReference section */
		FBBE9F252C860F1900455465 /* Calculadora_dora.app */ = {isa = PBXFileReference; explicitFileType = wrapper.application; includeInIndex = 0; path = Calculadora_dora.app; sourceTree = BUILT_PRODUCTS_DIR; };
		FBBE9F282C860F1900455465 /* AppDelegate.swift */ = {isa = PBXFileReference; lastKnownFileType = sourcecode.swift; path = AppDelegate.swift; sourceTree = "<group>"; };
		FBBE9F2A2C860F1900455465 /* SceneDelegate.swift */ = {isa = PBXFileReference; lastKnownFileType = sourcecode.swift; path = SceneDelegate.swift; sourceTree = "<group>"; };
		FBBE9F2C2C860F1900455465 /* ViewController.swift */ = {isa = PBXFileReference; lastKnownFileType = sourcecode.swift; path = ViewController.swift; sourceTree = "<group>"; };
		FBBE9F2F2C860F1900455465 /* Base */ = {isa = PBXFileReference; lastKnownFileType = file.storyboard; name = Base; path = Base.lproj/Main.storyboard; sourceTree = "<group>"; };
		FBBE9F312C860F1A00455465 /* Assets.xcassets */ = {isa = PBXFileReference; lastKnownFileType = folder.assetcatalog; path = Assets.xcassets; sourceTree = "<group>"; };
		FBBE9F342C860F1A00455465 /* Base */ = {isa = PBXFileReference; lastKnownFileType = file.storyboard; name = Base; path = Base.lproj/LaunchScreen.storyboard; sourceTree = "<group>"; };
		FBBE9F362C860F1A00455465 /* Info.plist */ = {isa = PBXFileReference; lastKnownFileType = text.plist.xml; path = Info.plist; sourceTree = "<group>"; };
		FBBE9F3B2C860F1A00455465 /* Calculadora_doraTests.xctest */ = {isa = PBXFileReference; explicitFileType = wrapper.cfbundle; includeInIndex = 0; path = Calculadora_doraTests.xctest; sourceTree = BUILT_PRODUCTS_DIR; };
		FBBE9F3F2C860F1A00455465 /* Calculadora_doraTests.swift */ = {isa = PBXFileReference; lastKnownFileType = sourcecode.swift; path = Calculadora_doraTests.swift; sourceTree = "<group>"; };
		FBBE9F452C860F1A00455465 /* Calculadora_doraUITests.xctest */ = {isa = PBXFileReference; explicitFileType = wrapper.cfbundle; includeInIndex = 0; path = Calculadora_doraUITests.xctest; sourceTree = BUILT_PRODUCTS_DIR; };
		FBBE9F492C860F1A00455465 /* Calculadora_doraUITests.swift */ = {isa = PBXFileReference; lastKnownFileType = sourcecode.swift; path = Calculadora_doraUITests.swift; sourceTree = "<group>"; };
		FBBE9F4B2C860F1A00455465 /* Calculadora_doraUITestsLaunchTests.swift */ = {isa = PBXFileReference; lastKnownFileType = sourcecode.swift; path = Calculadora_doraUITestsLaunchTests.swift; sourceTree = "<group>"; };
/* End PBXFileReference section */

/* Begin PBXFrameworksBuildPhase section */
		FBBE9F222C860F1900455465 /* Frameworks */ = {
			isa = PBXFrameworksBuildPhase;
			buildActionMask = 2147483647;
			files = (
			);
			runOnlyForDeploymentPostprocessing = 0;
		};
		FBBE9F382C860F1A00455465 /* Frameworks */ = {
			isa = PBXFrameworksBuildPhase;
			buildActionMask = 2147483647;
			files = (
			);
			runOnlyForDeploymentPostprocessing = 0;
		};
		FBBE9F422C860F1A00455465 /* Frameworks */ = {
			isa = PBXFrameworksBuildPhase;
			buildActionMask = 2147483647;
			files = (
			);
			runOnlyForDeploymentPostprocessing = 0;
		};
/* End PBXFrameworksBuildPhase section */

/* Begin PBXGroup section */
		FBBE9F1C2C860F1900455465 = {
			isa = PBXGroup;
			children = (
				FBBE9F272C860F1900455465 /* Calculadora_dora */,
				FBBE9F3E2C860F1A00455465 /* Calculadora_doraTests */,
				FBBE9F482C860F1A00455465 /* Calculadora_doraUITests */,
				FBBE9F262C860F1900455465 /* Products */,
			);
			sourceTree = "<group>";
		};
		FBBE9F262C860F1900455465 /* Products */ = {
			isa = PBXGroup;
			children = (
				FBBE9F252C860F1900455465 /* Calculadora_dora.app */,
				FBBE9F3B2C860F1A00455465 /* Calculadora_doraTests.xctest */,
				FBBE9F452C860F1A00455465 /* Calculadora_doraUITests.xctest */,
			);
			name = Products;
			sourceTree = "<group>";
		};
		FBBE9F272C860F1900455465 /* Calculadora_dora */ = {
			isa = PBXGroup;
			children = (
				FBBE9F282C860F1900455465 /* AppDelegate.swift */,
				FBBE9F2A2C860F1900455465 /* SceneDelegate.swift */,
				FBBE9F2C2C860F1900455465 /* ViewController.swift */,
				FBBE9F2E2C860F1900455465 /* Main.storyboard */,
				FBBE9F312C860F1A00455465 /* Assets.xcassets */,
				FBBE9F332C860F1A00455465 /* LaunchScreen.storyboard */,
				FBBE9F362C860F1A00455465 /* Info.plist */,
			);
			path = Calculadora_dora;
			sourceTree = "<group>";
		};
		FBBE9F3E2C860F1A00455465 /* Calculadora_doraTests */ = {
			isa = PBXGroup;
			children = (
				FBBE9F3F2C860F1A00455465 /* Calculadora_doraTests.swift */,
			);
			path = Calculadora_doraTests;
			sourceTree = "<group>";
		};
		FBBE9F482C860F1A00455465 /* Calculadora_doraUITests */ = {
			isa = PBXGroup;
			children = (
				FBBE9F492C860F1A00455465 /* Calculadora_doraUITests.swift */,
				FBBE9F4B2C860F1A00455465 /* Calculadora_doraUITestsLaunchTests.swift */,
			);
			path = Calculadora_doraUITests;
			sourceTree = "<group>";
		};
/* End PBXGroup section */

/* Begin PBXNativeTarget section */
		FBBE9F242C860F1900455465 /* Calculadora_dora */ = {
			isa = PBXNativeTarget;
			buildConfigurationList = FBBE9F4F2C860F1A00455465 /* Build configuration list for PBXNativeTarget "Calculadora_dora" */;
			buildPhases = (
				FBBE9F212C860F1900455465 /* Sources */,
				FBBE9F222C860F1900455465 /* Frameworks */,
				FBBE9F232C860F1900455465 /* Resources */,
			);
			buildRules = (
			);
			dependencies = (
			);
			name = Calculadora_dora;
			productName = Calculadora_dora;
			productReference = FBBE9F252C860F1900455465 /* Calculadora_dora.app */;
			productType = "com.apple.product-type.application";
		};
		FBBE9F3A2C860F1A00455465 /* Calculadora_doraTests */ = {
			isa = PBXNativeTarget;
			buildConfigurationList = FBBE9F522C860F1A00455465 /* Build configuration list for PBXNativeTarget "Calculadora_doraTests" */;
			buildPhases = (
				FBBE9F372C860F1A00455465 /* Sources */,
				FBBE9F382C860F1A00455465 /* Frameworks */,
				FBBE9F392C860F1A00455465 /* Resources */,
			);
			buildRules = (
			);
			dependencies = (
				FBBE9F3D2C860F1A00455465 /* PBXTargetDependency */,
			);
			name = Calculadora_doraTests;
			productName = Calculadora_doraTests;
			productReference = FBBE9F3B2C860F1A00455465 /* Calculadora_doraTests.xctest */;
			productType = "com.apple.product-type.bundle.unit-test";
		};
		FBBE9F442C860F1A00455465 /* Calculadora_doraUITests */ = {
			isa = PBXNativeTarget;
			buildConfigurationList = FBBE9F552C860F1A00455465 /* Build configuration list for PBXNativeTarget "Calculadora_doraUITests" */;
			buildPhases = (
				FBBE9F412C860F1A00455465 /* Sources */,
				FBBE9F422C860F1A00455465 /* Frameworks */,
				FBBE9F432C860F1A00455465 /* Resources */,
			);
			buildRules = (
			);
			dependencies = (
				FBBE9F472C860F1A00455465 /* PBXTargetDependency */,
			);
			name = Calculadora_doraUITests;
			productName = Calculadora_doraUITests;
			productReference = FBBE9F452C860F1A00455465 /* Calculadora_doraUITests.xctest */;
			productType = "com.apple.product-type.bundle.ui-testing";
		};
/* End PBXNativeTarget section */

/* Begin PBXProject section */
		FBBE9F1D2C860F1900455465 /* Project object */ = {
			isa = PBXProject;
			attributes = {
				BuildIndependentTargetsInParallel = 1;
				LastSwiftUpdateCheck = 1540;
				LastUpgradeCheck = 1540;
				TargetAttributes = {
					FBBE9F242C860F1900455465 = {
						CreatedOnToolsVersion = 15.4;
					};
					FBBE9F3A2C860F1A00455465 = {
						CreatedOnToolsVersion = 15.4;
						TestTargetID = FBBE9F242C860F1900455465;
					};
					FBBE9F442C860F1A00455465 = {
						CreatedOnToolsVersion = 15.4;
						TestTargetID = FBBE9F242C860F1900455465;
					};
				};
			};
			buildConfigurationList = FBBE9F202C860F1900455465 /* Build configuration list for PBXProject "Calculadora_dora" */;
			compatibilityVersion = "Xcode 14.0";
			developmentRegion = en;
			hasScannedForEncodings = 0;
			knownRegions = (
				en,
				Base,
			);
			mainGroup = FBBE9F1C2C860F1900455465;
			productRefGroup = FBBE9F262C860F1900455465 /* Products */;
			projectDirPath = "";
			projectRoot = "";
			targets = (
				FBBE9F242C860F1900455465 /* Calculadora_dora */,
				FBBE9F3A2C860F1A00455465 /* Calculadora_doraTests */,
				FBBE9F442C860F1A00455465 /* Calculadora_doraUITests */,
			);
		};
/* End PBXProject section */

/* Begin PBXResourcesBuildPhase section */
		FBBE9F232C860F1900455465 /* Resources */ = {
			isa = PBXResourcesBuildPhase;
			buildActionMask = 2147483647;
			files = (
				FBBE9F322C860F1A00455465 /* Assets.xcassets in Resources */,
				FBBE9F352C860F1A00455465 /* Base in Resources */,
				FBBE9F302C860F1900455465 /* Base in Resources */,
			);
			runOnlyForDeploymentPostprocessing = 0;
		};
		FBBE9F392C860F1A00455465 /* Resources */ = {
			isa = PBXResourcesBuildPhase;
			buildActionMask = 2147483647;
			files = (
			);
			runOnlyForDeploymentPostprocessing = 0;
		};
		FBBE9F432C860F1A00455465 /* Resources */ = {
			isa = PBXResourcesBuildPhase;
			buildActionMask = 2147483647;
			files = (
			);
			runOnlyForDeploymentPostprocessing = 0;
		};
/* End PBXResourcesBuildPhase section */

/* Begin PBXSourcesBuildPhase section */
		FBBE9F212C860F1900455465 /* Sources */ = {
			isa = PBXSourcesBuildPhase;
			buildActionMask = 2147483647;
			files = (
				FBBE9F2D2C860F1900455465 /* ViewController.swift in Sources */,
				FBBE9F292C860F1900455465 /* AppDelegate.swift in Sources */,
				FBBE9F2B2C860F1900455465 /* SceneDelegate.swift in Sources */,
			);
			runOnlyForDeploymentPostprocessing = 0;
		};
		FBBE9F372C860F1A00455465 /* Sources */ = {
			isa = PBXSourcesBuildPhase;
			buildActionMask = 2147483647;
			files = (
				FBBE9F402C860F1A00455465 /* Calculadora_doraTests.swift in Sources */,
			);
			runOnlyForDeploymentPostprocessing = 0;
		};
		FBBE9F412C860F1A00455465 /* Sources */ = {
			isa = PBXSourcesBuildPhase;
			buildActionMask = 2147483647;
			files = (
				FBBE9F4C2C860F1A00455465 /* Calculadora_doraUITestsLaunchTests.swift in Sources */,
				FBBE9F4A2C860F1A00455465 /* Calculadora_doraUITests.swift in Sources */,
			);
			runOnlyForDeploymentPostprocessing = 0;
		};
/* End PBXSourcesBuildPhase section */

/* Begin PBXTargetDependency section */
		FBBE9F3D2C860F1A00455465 /* PBXTargetDependency */ = {
			isa = PBXTargetDependency;
			target = FBBE9F242C860F1900455465 /* Calculadora_dora */;
			targetProxy = FBBE9F3C2C860F1A00455465 /* PBXContainerItemProxy */;
		};
		FBBE9F472C860F1A00455465 /* PBXTargetDependency */ = {
			isa = PBXTargetDependency;
			target = FBBE9F242C860F1900455465 /* Calculadora_dora */;
			targetProxy = FBBE9F462C860F1A00455465 /* PBXContainerItemProxy */;
		};
/* End PBXTargetDependency section */

/* Begin PBXVariantGroup section */
		FBBE9F2E2C860F1900455465 /* Main.storyboard */ = {
			isa = PBXVariantGroup;
			children = (
				FBBE9F2F2C860F1900455465 /* Base */,
			);
			name = Main.storyboard;
			sourceTree = "<group>";
		};
		FBBE9F332C860F1A00455465 /* LaunchScreen.storyboard */ = {
			isa = PBXVariantGroup;
			children = (
				FBBE9F342C860F1A00455465 /* Base */,
			);
			name = LaunchScreen.storyboard;
			sourceTree = "<group>";
		};
/* End PBXVariantGroup section */

/* Begin XCBuildConfiguration section */
		FBBE9F4D2C860F1A00455465 /* Debug */ = {
			isa = XCBuildConfiguration;
			buildSettings = {
				ALWAYS_SEARCH_USER_PATHS = NO;
				ASSETCATALOG_COMPILER_GENERATE_SWIFT_ASSET_SYMBOL_EXTENSIONS = YES;
				CLANG_ANALYZER_NONNULL = YES;
				CLANG_ANALYZER_NUMBER_OBJECT_CONVERSION = YES_AGGRESSIVE;
				CLANG_CXX_LANGUAGE_STANDARD = "gnu++20";
				CLANG_ENABLE_MODULES = YES;
				CLANG_ENABLE_OBJC_ARC = YES;
				CLANG_ENABLE_OBJC_WEAK = YES;
				CLANG_WARN_BLOCK_CAPTURE_AUTORELEASING = YES;
				CLANG_WARN_BOOL_CONVERSION = YES;
				CLANG_WARN_COMMA = YES;
				CLANG_WARN_CONSTANT_CONVERSION = YES;
				CLANG_WARN_DEPRECATED_OBJC_IMPLEMENTATIONS = YES;
				CLANG_WARN_DIRECT_OBJC_ISA_USAGE = YES_ERROR;
				CLANG_WARN_DOCUMENTATION_COMMENTS = YES;
				CLANG_WARN_EMPTY_BODY = YES;
				CLANG_WARN_ENUM_CONVERSION = YES;
				CLANG_WARN_INFINITE_RECURSION = YES;
				CLANG_WARN_INT_CONVERSION = YES;
				CLANG_WARN_NON_LITERAL_NULL_CONVERSION = YES;
				CLANG_WARN_OBJC_IMPLICIT_RETAIN_SELF = YES;
				CLANG_WARN_OBJC_LITERAL_CONVERSION = YES;
				CLANG_WARN_OBJC_ROOT_CLASS = YES_ERROR;
				CLANG_WARN_QUOTED_INCLUDE_IN_FRAMEWORK_HEADER = YES;
				CLANG_WARN_RANGE_LOOP_ANALYSIS = YES;
				CLANG_WARN_STRICT_PROTOTYPES = YES;
				CLANG_WARN_SUSPICIOUS_MOVE = YES;
				CLANG_WARN_UNGUARDED_AVAILABILITY = YES_AGGRESSIVE;
				CLANG_WARN_UNREACHABLE_CODE = YES;
				CLANG_WARN__DUPLICATE_METHOD_MATCH = YES;
				COPY_PHASE_STRIP = NO;
				DEBUG_INFORMATION_FORMAT = dwarf;
				ENABLE_STRICT_OBJC_MSGSEND = YES;
				ENABLE_TESTABILITY = YES;
				ENABLE_USER_SCRIPT_SANDBOXING = YES;
				GCC_C_LANGUAGE_STANDARD = gnu17;
				GCC_DYNAMIC_NO_PIC = NO;
				GCC_NO_COMMON_BLOCKS = YES;
				GCC_OPTIMIZATION_LEVEL = 0;
				GCC_PREPROCESSOR_DEFINITIONS = (
					"DEBUG=1",
					"$(inherited)",
				);
				GCC_WARN_64_TO_32_BIT_CONVERSION = YES;
				GCC_WARN_ABOUT_RETURN_TYPE = YES_ERROR;
				GCC_WARN_UNDECLARED_SELECTOR = YES;
				GCC_WARN_UNINITIALIZED_AUTOS = YES_AGGRESSIVE;
				GCC_WARN_UNUSED_FUNCTION = YES;
				GCC_WARN_UNUSED_VARIABLE = YES;
				IPHONEOS_DEPLOYMENT_TARGET = 17.5;
				LOCALIZATION_PREFERS_STRING_CATALOGS = YES;
				MTL_ENABLE_DEBUG_INFO = INCLUDE_SOURCE;
				MTL_FAST_MATH = YES;
				ONLY_ACTIVE_ARCH = YES;
				SDKROOT = iphoneos;
				SWIFT_ACTIVE_COMPILATION_CONDITIONS = "DEBUG $(inherited)";
				SWIFT_OPTIMIZATION_LEVEL = "-Onone";
			};
			name = Debug;
		};
		FBBE9F4E2C860F1A00455465 /* Release */ = {
			isa = XCBuildConfiguration;
			buildSettings = {
				ALWAYS_SEARCH_USER_PATHS = NO;
				ASSETCATALOG_COMPILER_GENERATE_SWIFT_ASSET_SYMBOL_EXTENSIONS = YES;
				CLANG_ANALYZER_NONNULL = YES;
				CLANG_ANALYZER_NUMBER_OBJECT_CONVERSION = YES_AGGRESSIVE;
				CLANG_CXX_LANGUAGE_STANDARD = "gnu++20";
				CLANG_ENABLE_MODULES = YES;
				CLANG_ENABLE_OBJC_ARC = YES;
				CLANG_ENABLE_OBJC_WEAK = YES;
				CLANG_WARN_BLOCK_CAPTURE_AUTORELEASING = YES;
				CLANG_WARN_BOOL_CONVERSION = YES;
				CLANG_WARN_COMMA = YES;
				CLANG_WARN_CONSTANT_CONVERSION = YES;
				CLANG_WARN_DEPRECATED_OBJC_IMPLEMENTATIONS = YES;
				CLANG_WARN_DIRECT_OBJC_ISA_USAGE = YES_ERROR;
				CLANG_WARN_DOCUMENTATION_COMMENTS = YES;
				CLANG_WARN_EMPTY_BODY = YES;
				CLANG_WARN_ENUM_CONVERSION = YES;
				CLANG_WARN_INFINITE_RECURSION = YES;
				CLANG_WARN_INT_CONVERSION = YES;
				CLANG_WARN_NON_LITERAL_NULL_CONVERSION = YES;
				CLANG_WARN_OBJC_IMPLICIT_RETAIN_SELF = YES;
				CLANG_WARN_OBJC_LITERAL_CONVERSION = YES;
				CLANG_WARN_OBJC_ROOT_CLASS = YES_ERROR;
				CLANG_WARN_QUOTED_INCLUDE_IN_FRAMEWORK_HEADER = YES;
				CLANG_WARN_RANGE_LOOP_ANALYSIS = YES;
				CLANG_WARN_STRICT_PROTOTYPES = YES;
				CLANG_WARN_SUSPICIOUS_MOVE = YES;
				CLANG_WARN_UNGUARDED_AVAILABILITY = YES_AGGRESSIVE;
				CLANG_WARN_UNREACHABLE_CODE = YES;
				CLANG_WARN__DUPLICATE_METHOD_MATCH = YES;
				COPY_PHASE_STRIP = NO;
				DEBUG_INFORMATION_FORMAT = "dwarf-with-dsym";
				ENABLE_NS_ASSERTIONS = NO;
				ENABLE_STRICT_OBJC_MSGSEND = YES;
				ENABLE_USER_SCRIPT_SANDBOXING = YES;
				GCC_C_LANGUAGE_STANDARD = gnu17;
				GCC_NO_COMMON_BLOCKS = YES;
				GCC_WARN_64_TO_32_BIT_CONVERSION = YES;
				GCC_WARN_ABOUT_RETURN_TYPE = YES_ERROR;
				GCC_WARN_UNDECLARED_SELECTOR = YES;
				GCC_WARN_UNINITIALIZED_AUTOS = YES_AGGRESSIVE;
				GCC_WARN_UNUSED_FUNCTION = YES;
				GCC_WARN_UNUSED_VARIABLE = YES;
				IPHONEOS_DEPLOYMENT_TARGET = 17.5;
				LOCALIZATION_PREFERS_STRING_CATALOGS = YES;
				MTL_ENABLE_DEBUG_INFO = NO;
				MTL_FAST_MATH = YES;
				SDKROOT = iphoneos;
				SWIFT_COMPILATION_MODE = wholemodule;
				VALIDATE_PRODUCT = YES;
			};
			name = Release;
		};
		FBBE9F502C860F1A00455465 /* Debug */ = {
			isa = XCBuildConfiguration;
			buildSettings = {
				ASSETCATALOG_COMPILER_APPICON_NAME = AppIcon;
				ASSETCATALOG_COMPILER_GLOBAL_ACCENT_COLOR_NAME = AccentColor;
				CODE_SIGN_STYLE = Automatic;
				CURRENT_PROJECT_VERSION = 1;
				GENERATE_INFOPLIST_FILE = YES;
				INFOPLIST_FILE = Calculadora_dora/Info.plist;
				INFOPLIST_KEY_UIApplicationSupportsIndirectInputEvents = YES;
				INFOPLIST_KEY_UILaunchStoryboardName = LaunchScreen;
				INFOPLIST_KEY_UIMainStoryboardFile = Main;
				INFOPLIST_KEY_UISupportedInterfaceOrientations_iPad = "UIInterfaceOrientationPortrait UIInterfaceOrientationPortraitUpsideDown UIInterfaceOrientationLandscapeLeft UIInterfaceOrientationLandscapeRight";
				INFOPLIST_KEY_UISupportedInterfaceOrientations_iPhone = "UIInterfaceOrientationPortrait UIInterfaceOrientationLandscapeLeft UIInterfaceOrientationLandscapeRight";
				LD_RUNPATH_SEARCH_PATHS = (
					"$(inherited)",
					"@executable_path/Frameworks",
				);
				MARKETING_VERSION = 1.0;
				PRODUCT_BUNDLE_IDENTIFIER = "mx.uacj.calculadora-lola.Calculadora-dora";
				PRODUCT_NAME = "$(TARGET_NAME)";
				SWIFT_EMIT_LOC_STRINGS = YES;
				SWIFT_VERSION = 5.0;
				TARGETED_DEVICE_FAMILY = "1,2";
			};
			name = Debug;
		};
		FBBE9F512C860F1A00455465 /* Release */ = {
			isa = XCBuildConfiguration;
			buildSettings = {
				ASSETCATALOG_COMPILER_APPICON_NAME = AppIcon;
				ASSETCATALOG_COMPILER_GLOBAL_ACCENT_COLOR_NAME = AccentColor;
				CODE_SIGN_STYLE = Automatic;
				CURRENT_PROJECT_VERSION = 1;
				GENERATE_INFOPLIST_FILE = YES;
				INFOPLIST_FILE = Calculadora_dora/Info.plist;
				INFOPLIST_KEY_UIApplicationSupportsIndirectInputEvents = YES;
				INFOPLIST_KEY_UILaunchStoryboardName = LaunchScreen;
				INFOPLIST_KEY_UIMainStoryboardFile = Main;
				INFOPLIST_KEY_UISupportedInterfaceOrientations_iPad = "UIInterfaceOrientationPortrait UIInterfaceOrientationPortraitUpsideDown UIInterfaceOrientationLandscapeLeft UIInterfaceOrientationLandscapeRight";
				INFOPLIST_KEY_UISupportedInterfaceOrientations_iPhone = "UIInterfaceOrientationPortrait UIInterfaceOrientationLandscapeLeft UIInterfaceOrientationLandscapeRight";
				LD_RUNPATH_SEARCH_PATHS = (
					"$(inherited)",
					"@executable_path/Frameworks",
				);
				MARKETING_VERSION = 1.0;
				PRODUCT_BUNDLE_IDENTIFIER = "mx.uacj.calculadora-lola.Calculadora-dora";
				PRODUCT_NAME = "$(TARGET_NAME)";
				SWIFT_EMIT_LOC_STRINGS = YES;
				SWIFT_VERSION = 5.0;
				TARGETED_DEVICE_FAMILY = "1,2";
			};
			name = Release;
		};
		FBBE9F532C860F1A00455465 /* Debug */ = {
			isa = XCBuildConfiguration;
			buildSettings = {
				ALWAYS_EMBED_SWIFT_STANDARD_LIBRARIES = YES;
				BUNDLE_LOADER = "$(TEST_HOST)";
				CODE_SIGN_STYLE = Automatic;
				CURRENT_PROJECT_VERSION = 1;
				GENERATE_INFOPLIST_FILE = YES;
				IPHONEOS_DEPLOYMENT_TARGET = 17.5;
				MARKETING_VERSION = 1.0;
				PRODUCT_BUNDLE_IDENTIFIER = "mx.uacj.calculadora-lola.Calculadora-doraTests";
				PRODUCT_NAME = "$(TARGET_NAME)";
				SWIFT_EMIT_LOC_STRINGS = NO;
				SWIFT_VERSION = 5.0;
				TARGETED_DEVICE_FAMILY = "1,2";
				TEST_HOST = "$(BUILT_PRODUCTS_DIR)/Calculadora_dora.app/$(BUNDLE_EXECUTABLE_FOLDER_PATH)/Calculadora_dora";
			};
			name = Debug;
		};
		FBBE9F542C860F1A00455465 /* Release */ = {
			isa = XCBuildConfiguration;
			buildSettings = {
				ALWAYS_EMBED_SWIFT_STANDARD_LIBRARIES = YES;
				BUNDLE_LOADER = "$(TEST_HOST)";
				CODE_SIGN_STYLE = Automatic;
				CURRENT_PROJECT_VERSION = 1;
				GENERATE_INFOPLIST_FILE = YES;
				IPHONEOS_DEPLOYMENT_TARGET = 17.5;
				MARKETING_VERSION = 1.0;
				PRODUCT_BUNDLE_IDENTIFIER = "mx.uacj.calculadora-lola.Calculadora-doraTests";
				PRODUCT_NAME = "$(TARGET_NAME)";
				SWIFT_EMIT_LOC_STRINGS = NO;
				SWIFT_VERSION = 5.0;
				TARGETED_DEVICE_FAMILY = "1,2";
				TEST_HOST = "$(BUILT_PRODUCTS_DIR)/Calculadora_dora.app/$(BUNDLE_EXECUTABLE_FOLDER_PATH)/Calculadora_dora";
			};
			name = Release;
		};
		FBBE9F562C860F1A00455465 /* Debug */ = {
			isa = XCBuildConfiguration;
			buildSettings = {
				ALWAYS_EMBED_SWIFT_STANDARD_LIBRARIES = YES;
				CODE_SIGN_STYLE = Automatic;
				CURRENT_PROJECT_VERSION = 1;
				GENERATE_INFOPLIST_FILE = YES;
				MARKETING_VERSION = 1.0;
				PRODUCT_BUNDLE_IDENTIFIER = "mx.uacj.calculadora-lola.Calculadora-doraUITests";
				PRODUCT_NAME = "$(TARGET_NAME)";
				SWIFT_EMIT_LOC_STRINGS = NO;
				SWIFT_VERSION = 5.0;
				TARGETED_DEVICE_FAMILY = "1,2";
				TEST_TARGET_NAME = Calculadora_dora;
			};
			name = Debug;
		};
		FBBE9F572C860F1A00455465 /* Release */ = {
			isa = XCBuildConfiguration;
			buildSettings = {
				ALWAYS_EMBED_SWIFT_STANDARD_LIBRARIES = YES;
				CODE_SIGN_STYLE = Automatic;
				CURRENT_PROJECT_VERSION = 1;
				GENERATE_INFOPLIST_FILE = YES;
				MARKETING_VERSION = 1.0;
				PRODUCT_BUNDLE_IDENTIFIER = "mx.uacj.calculadora-lola.Calculadora-doraUITests";
				PRODUCT_NAME = "$(TARGET_NAME)";
				SWIFT_EMIT_LOC_STRINGS = NO;
				SWIFT_VERSION = 5.0;
				TARGETED_DEVICE_FAMILY = "1,2";
				TEST_TARGET_NAME = Calculadora_dora;
			};
			name = Release;
		};
/* End XCBuildConfiguration section */

/* Begin XCConfigurationList section */
		FBBE9F202C860F1900455465 /* Build configuration list for PBXProject "Calculadora_dora" */ = {
			isa = XCConfigurationList;
			buildConfigurations = (
				FBBE9F4D2C860F1A00455465 /* Debug */,
				FBBE9F4E2C860F1A00455465 /* Release */,
			);
			defaultConfigurationIsVisible = 0;
			defaultConfigurationName = Release;
		};
		FBBE9F4F2C860F1A00455465 /* Build configuration list for PBXNativeTarget "Calculadora_dora" */ = {
			isa = XCConfigurationList;
			buildConfigurations = (
				FBBE9F502C860F1A00455465 /* Debug */,
				FBBE9F512C860F1A00455465 /* Release */,
			);
			defaultConfigurationIsVisible = 0;
			defaultConfigurationName = Release;
		};
		FBBE9F522C860F1A00455465 /* Build configuration list for PBXNativeTarget "Calculadora_doraTests" */ = {
			isa = XCConfigurationList;
			buildConfigurations = (
				FBBE9F532C860F1A00455465 /* Debug */,
				FBBE9F542C860F1A00455465 /* Release */,
			);
			defaultConfigurationIsVisible = 0;
			defaultConfigurationName = Release;
		};
		FBBE9F552C860F1A00455465 /* Build configuration list for PBXNativeTarget "Calculadora_doraUITests" */ = {
			isa = XCConfigurationList;
			buildConfigurations = (
				FBBE9F562C860F1A00455465 /* Debug */,
				FBBE9F572C860F1A00455465 /* Release */,
			);
			defaultConfigurationIsVisible = 0;
			defaultConfigurationName = Release;
		};
/* End XCConfigurationList section */
	};
	rootObject = FBBE9F1D2C860F1900455465 /* Project object */;
}
